PODS:
  - EasyAnchor (3.0.0)
  - UIContainer (1.2.0-beta.5):
    - EasyAnchor (~> 3.0.0)
  - UICreator (1.0.0-alpha.8):
    - EasyAnchor (~> 3.0.0)
    - UIContainer (~> 1.2.0-beta.5)

DEPENDENCIES:
  - EasyAnchor (from `https://github.com/brennobemoura/EasyAnchor`)
  - UIContainer (from `~/Documents/umobi/UIContainer`)
  - UICreator (from `~/Documents/umobi/UICreator`)

EXTERNAL SOURCES:
  EasyAnchor:
    :git: https://github.com/brennobemoura/EasyAnchor
  UIContainer:
    :path: "~/Documents/umobi/UIContainer"
  UICreator:
    :path: "~/Documents/umobi/UICreator"

CHECKOUT OPTIONS:
  EasyAnchor:
    :commit: e1ca7fbb9d2132d1a6c090ccf937f347d709df10
    :git: https://github.com/brennobemoura/EasyAnchor

SPEC CHECKSUMS:
  EasyAnchor: ee8906196ef3db2ef1492a33d4c4c4a2e055531e
  UIContainer: a1ffe7d8bea2f8e1b38701c4d437042073e7b6e2
  UICreator: b4e025d06d6a6e8b135946810df531ddd521aeca

PODFILE CHECKSUM: 37a94138eaf0739bf20c93dbc4e23ab65560a08c

COCOAPODS: 1.9.1
