PODS:
  - EasyAnchor (3.0.0)
  - UIContainer (1.2.0-beta.5):
    - EasyAnchor (~> 3.0.0)
  - UICreator (1.0.0-alpha.8):
    - EasyAnchor (~> 3.0.0)
    - UIContainer (~> 1.2.0-beta.5)

DEPENDENCIES:
  - UIContainer (= 1.2.0-beta.5)
  - UICreator (= 1.0.0-alpha.8)

SPEC REPOS:
  trunk:
    - EasyAnchor
    - UIContainer
    - UICreator

SPEC CHECKSUMS:
  EasyAnchor: ee8906196ef3db2ef1492a33d4c4c4a2e055531e
  UIContainer: a1ffe7d8bea2f8e1b38701c4d437042073e7b6e2
  UICreator: b4e025d06d6a6e8b135946810df531ddd521aeca

PODFILE CHECKSUM: 855441d54e9687bee35b5e6e893ba4f62bb43746

COCOAPODS: 1.8.4
