PODS:
  - SnapKit (5.0.1)
  - UIContainer (1.2.0-beta.4):
    - SnapKit (~> 5.0.1)
  - UICreator (1.0.0-alpha.6):
    - SnapKit (~> 5.0.1)
    - UIContainer (~> 1.2.0-beta.4)
  - UICreator-Examples (1.0.0)

DEPENDENCIES:
  - SnapKit
  - UIContainer (from `../../../umobi/UIContainer`)
  - UICreator (from `../../../umobi/UICreator`)
  - UICreator-Examples (from `../`)

SPEC REPOS:
  trunk:
    - SnapKit

EXTERNAL SOURCES:
  UIContainer:
    :path: "../../../umobi/UIContainer"
  UICreator:
    :path: "../../../umobi/UICreator"
  UICreator-Examples:
    :path: "../"

SPEC CHECKSUMS:
  SnapKit: 97b92857e3df3a0c71833cce143274bf6ef8e5eb
  UIContainer: 6784815e668ee89f1afb22179e70186694c979d1
  UICreator: cdd07501261f441f3378286993ecbd6290cb8b9f
  UICreator-Examples: 0fc5e0e17231da26805c3e87fec173464851d17f

PODFILE CHECKSUM: 805cf37c2906d9757ffdb5950f03254d5cce97a6

COCOAPODS: 1.8.4
