PODS:
  - SnapKit (5.0.1)
  - UIContainer (1.2.0-beta.3):
    - SnapKit (~> 5.0.1)
  - UICreator (1.0.0-alpha.5):
    - SnapKit (~> 5.0.1)
    - UIContainer (~> 1.2.0-beta.3)
  - UICreator-Examples (0.1.0)

DEPENDENCIES:
  - SnapKit
  - UIContainer (~> 1.2.0-beta.3)
  - UICreator (~> 1.0.0-alpha.5)
  - UICreator-Examples (from `../`)

SPEC REPOS:
  trunk:
    - SnapKit
    - UIContainer
    - UICreator

EXTERNAL SOURCES:
  UICreator-Examples:
    :path: "../"

SPEC CHECKSUMS:
  SnapKit: 97b92857e3df3a0c71833cce143274bf6ef8e5eb
  UIContainer: c02fa5ca99a274c8f5761fa752c8e02655179f00
  UICreator: 95436349c92ec44a98919e8256a51dec549703e6
  UICreator-Examples: cff1b41bb6c040132ce7e69cb077a4f0ff03bc20

PODFILE CHECKSUM: 5fe36f465c45ec0a3f45741bf1ac559c550c0df2

COCOAPODS: 1.8.4
