PODS:
  - EasyAnchor (3.0.0)
  - SnapKit (5.0.1)
  - UIContainer (1.2.0-beta.4):
    - EasyAnchor
  - UICreator (1.0.0-alpha.7):
    - EasyAnchor (~> 3.0.0)
    - UIContainer (~> 1.2.0-beta.4)

DEPENDENCIES:
  - SnapKit
  - UIContainer (from `~/Documents/umobi/UIContainer`)
  - UICreator (from `~/Documents/umobi/UICreator`)

SPEC REPOS:
  trunk:
    - EasyAnchor
    - SnapKit

EXTERNAL SOURCES:
  UIContainer:
    :path: "~/Documents/umobi/UIContainer"
  UICreator:
    :path: "~/Documents/umobi/UICreator"

SPEC CHECKSUMS:
  EasyAnchor: ee8906196ef3db2ef1492a33d4c4c4a2e055531e
  SnapKit: 97b92857e3df3a0c71833cce143274bf6ef8e5eb
  UIContainer: 39ae2ba7fbaad55bbcd7ba14b2e655ab5f281f7d
  UICreator: 3f4062937efbd0a7c49922c94d36a3a8ec50cda7

PODFILE CHECKSUM: 9af4fd8ecc0cd36d99fa71c7f46c7851d6e514db

COCOAPODS: 1.8.4
