{
  "object": {
    "pins": [
      {
        "package": "ConstraintBuilder",
        "repositoryURL": "https://github.com/umobi/ConstraintBuilder",
        "state": {
          "branch": null,
          "revision": "bbce6c5c6b7bc31c50c53b3c04f0761f01c1c924",
          "version": "1.0.5"
        }
      },
      {
        "package": "UICreator",
        "repositoryURL": "https://github.com/umobi/UICreator.git",
        "state": {
          "branch": "develop",
          "revision": "52a6b6a6c24cf65ba4273b434797ad3d3ad24f8f",
          "version": null
        }
      }
    ]
  },
  "version": 1
}
