{
  "object": {
    "pins": [
      {
        "package": "ConstraintBuilder",
        "repositoryURL": "https://github.com/umobi/ConstraintBuilder",
        "state": {
          "branch": null,
          "revision": "bbce6c5c6b7bc31c50c53b3c04f0761f01c1c924",
          "version": "1.0.5"
        }
      },
      {
        "package": "UICreator",
        "repositoryURL": "https://github.com/umobi/UICreator.git",
        "state": {
          "branch": "develop",
          "revision": "13a902e05d5810e8eac5faffeac061535bc3426c",
          "version": null
        }
      }
    ]
  },
  "version": 1
}
