{
  "object": {
    "pins": [
      {
        "package": "ConstraintBuilder",
        "repositoryURL": "https://github.com/umobi/ConstraintBuilder",
        "state": {
          "branch": null,
          "revision": "7e8c5dab510907365be026e6643d9c6086bcb0a5",
          "version": "2.0.1"
        }
      }
    ]
  },
  "version": 1
}
